{
  "meteor": {},
  "dependencies": {
    "basePackages": {
      "iron-router": {},
      "accounts-ui-bootstrap-3": {},
      "bootstrap-3": {},
      "houston": {},
      "bootstrap-slider": {}
    },
    "packages": {
      "iron-router": {
        "git": "https://github.com/EventedMind/iron-router.git",
        "tag": "v0.8.0",
        "commit": "e38588cb4ddc841de83f03be135d65607dfe98ba"
      },
      "accounts-ui-bootstrap-3": {
        "git": "https://github.com/mangasocial/meteor-accounts-ui-bootstrap-3.git",
        "tag": "v0.3.3",
        "commit": "2e50b605d8d5ed68e48c4529a65f13552d8af3f9"
      },
      "bootstrap-3": {
        "git": "https://github.com/mangasocial/meteor-bootstrap-3.git",
        "tag": "v3.2.0-1",
        "commit": "17a63902fc6cf1096c5289d963c66cf28b474727"
      },
      "houston": {
        "git": "https://github.com/gterrono/houston.git",
        "tag": "v1.0.7",
        "commit": "a27e9e42d03764f09a6681a98945787fe1f6303d"
      },
      "bootstrap-slider": {
        "git": "https://github.com/kidovate/meteor-bootstrap-slider.git",
        "tag": "v0.0.5",
        "commit": "0a0421f3ceea41d05ad0c90d217589954f0dc3a0"
      },
      "iron-layout": {
        "git": "https://github.com/EventedMind/iron-layout.git",
        "tag": "v0.2.0",
        "commit": "4a2d53e35ba036b0c189c7ceca34be494d4c6c97"
      },
      "paginated-subscription": {
        "git": "https://github.com/tmeasday/meteor-paginated-subscription.git",
        "tag": "v0.2.2",
        "commit": "2133a2163575f569f90253f81314f21b2bf08d20"
      },
      "spin": {
        "git": "https://github.com/SachaG/meteor-spin.git",
        "tag": "v2.0.3",
        "commit": "23c1145472a710d5c93fa4beaca4e576caeb2f24"
      },
      "blaze-layout": {
        "git": "https://github.com/EventedMind/blaze-layout.git",
        "tag": "v0.2.5",
        "commit": "273e3ab7d005d91a1a59c71bd224533b4dae2fbd"
      },
      "iron-core": {
        "git": "https://github.com/EventedMind/iron-core.git",
        "tag": "v0.2.0",
        "commit": "0e48b5dc50d03f01025b7b900fb5ce2f13d52cad"
      },
      "iron-dynamic-template": {
        "git": "https://github.com/EventedMind/iron-dynamic-template.git",
        "tag": "v0.2.1",
        "commit": "4dd1185c4d9d616c9abdb3f33e4a7d5a88db7e18"
      }
    }
  }
}
